// !$*UTF8*$!
{
	archiveVersion = 1;
	classes = {
	};
	objectVersion = 56;
	objects = {

/* Begin PBXBuildFile section */
		7AA1D1662A9E3C13004DA0E5 /* AppDelegate.swift in Sources */ = {isa = PBXBuildFile; fileRef = 7AA1D1652A9E3C13004DA0E5 /* AppDelegate.swift */; };
		7AA1D1682A9E3C13004DA0E5 /* SceneDelegate.swift in Sources */ = {isa = PBXBuildFile; fileRef = 7AA1D1672A9E3C13004DA0E5 /* SceneDelegate.swift */; };
		7AA1D16A2A9E3C13004DA0E5 /* ViewController.swift in Sources */ = {isa = PBXBuildFile; fileRef = 7AA1D1692A9E3C13004DA0E5 /* ViewController.swift */; };
		7AA1D16D2A9E3C13004DA0E5 /* Main.storyboard in Resources */ = {isa = PBXBuildFile; fileRef = 7AA1D16B2A9E3C13004DA0E5 /* Main.storyboard */; };
		7AA1D16F2A9E3C14004DA0E5 /* Assets.xcassets in Resources */ = {isa = PBXBuildFile; fileRef = 7AA1D16E2A9E3C14004DA0E5 /* Assets.xcassets */; };
		7AA1D1722A9E3C14004DA0E5 /* LaunchScreen.storyboard in Resources */ = {isa = PBXBuildFile; fileRef = 7AA1D1702A9E3C14004DA0E5 /* LaunchScreen.storyboard */; };
		7AA1D1C82A9E7A4D004DA0E5 /* Play-Bold.ttf in Resources */ = {isa = PBXBuildFile; fileRef = 7AA1D1C72A9E7A4D004DA0E5 /* Play-Bold.ttf */; };
		7AA1D1CA2A9E7A57004DA0E5 /* Play-Regular.ttf in Resources */ = {isa = PBXBuildFile; fileRef = 7AA1D1C92A9E7A57004DA0E5 /* Play-Regular.ttf */; };
		7AA1D1CC2A9F8422004DA0E5 /* RegisterViewController.swift in Sources */ = {isa = PBXBuildFile; fileRef = 7AA1D1CB2A9F8422004DA0E5 /* RegisterViewController.swift */; };
		7AA1D1CE2A9F86A6004DA0E5 /* GoogleService-Info.plist in Resources */ = {isa = PBXBuildFile; fileRef = 7AA1D1CD2A9F86A6004DA0E5 /* GoogleService-Info.plist */; };
		7AA1D1D12A9F883D004DA0E5 /* FirebaseAuth in Frameworks */ = {isa = PBXBuildFile; productRef = 7AA1D1D02A9F883D004DA0E5 /* FirebaseAuth */; };
		7AA1D1D32A9F883D004DA0E5 /* FirebaseDatabase in Frameworks */ = {isa = PBXBuildFile; productRef = 7AA1D1D22A9F883D004DA0E5 /* FirebaseDatabase */; };
		7AA1D1D52A9F883D004DA0E5 /* FirebaseDatabaseSwift in Frameworks */ = {isa = PBXBuildFile; productRef = 7AA1D1D42A9F883D004DA0E5 /* FirebaseDatabaseSwift */; };
		7AA1D1D72A9F883D004DA0E5 /* FirebaseFirestore in Frameworks */ = {isa = PBXBuildFile; productRef = 7AA1D1D62A9F883D004DA0E5 /* FirebaseFirestore */; };
		7AA1D1D92A9F883D004DA0E5 /* FirebaseFirestoreSwift in Frameworks */ = {isa = PBXBuildFile; productRef = 7AA1D1D82A9F883D004DA0E5 /* FirebaseFirestoreSwift */; };
		7AA1D1DB2A9F883D004DA0E5 /* FirebaseFunctions in Frameworks */ = {isa = PBXBuildFile; productRef = 7AA1D1DA2A9F883D004DA0E5 /* FirebaseFunctions */; };
		7AA1D1DD2A9F883D004DA0E5 /* FirebaseInAppMessagingSwift-Beta in Frameworks */ = {isa = PBXBuildFile; productRef = 7AA1D1DC2A9F883D004DA0E5 /* FirebaseInAppMessagingSwift-Beta */; };
		7AA1D1DF2A9F883D004DA0E5 /* FirebaseInstallations in Frameworks */ = {isa = PBXBuildFile; productRef = 7AA1D1DE2A9F883D004DA0E5 /* FirebaseInstallations */; };
		7AA1D1E12A9F883E004DA0E5 /* FirebaseMessaging in Frameworks */ = {isa = PBXBuildFile; productRef = 7AA1D1E02A9F883E004DA0E5 /* FirebaseMessaging */; };
		7AA1D1E32A9F883E004DA0E5 /* FirebaseStorage in Frameworks */ = {isa = PBXBuildFile; productRef = 7AA1D1E22A9F883E004DA0E5 /* FirebaseStorage */; };
		7AA1D1E52A9F8A5B004DA0E5 /* MainViewController.swift in Sources */ = {isa = PBXBuildFile; fileRef = 7AA1D1E42A9F8A5B004DA0E5 /* MainViewController.swift */; };
/* End PBXBuildFile section */

/* Begin PBXFileReference section */
		7AA1D1622A9E3C13004DA0E5 /* TodoList.app */ = {isa = PBXFileReference; explicitFileType = wrapper.application; includeInIndex = 0; path = TodoList.app; sourceTree = BUILT_PRODUCTS_DIR; };
		7AA1D1652A9E3C13004DA0E5 /* AppDelegate.swift */ = {isa = PBXFileReference; lastKnownFileType = sourcecode.swift; path = AppDelegate.swift; sourceTree = "<group>"; };
		7AA1D1672A9E3C13004DA0E5 /* SceneDelegate.swift */ = {isa = PBXFileReference; lastKnownFileType = sourcecode.swift; path = SceneDelegate.swift; sourceTree = "<group>"; };
		7AA1D1692A9E3C13004DA0E5 /* ViewController.swift */ = {isa = PBXFileReference; lastKnownFileType = sourcecode.swift; path = ViewController.swift; sourceTree = "<group>"; };
		7AA1D16C2A9E3C13004DA0E5 /* Base */ = {isa = PBXFileReference; lastKnownFileType = file.storyboard; name = Base; path = Base.lproj/Main.storyboard; sourceTree = "<group>"; };
		7AA1D16E2A9E3C14004DA0E5 /* Assets.xcassets */ = {isa = PBXFileReference; lastKnownFileType = folder.assetcatalog; path = Assets.xcassets; sourceTree = "<group>"; };
		7AA1D1712A9E3C14004DA0E5 /* Base */ = {isa = PBXFileReference; lastKnownFileType = file.storyboard; name = Base; path = Base.lproj/LaunchScreen.storyboard; sourceTree = "<group>"; };
		7AA1D1732A9E3C14004DA0E5 /* Info.plist */ = {isa = PBXFileReference; lastKnownFileType = text.plist.xml; path = Info.plist; sourceTree = "<group>"; };
		7AA1D1C72A9E7A4D004DA0E5 /* Play-Bold.ttf */ = {isa = PBXFileReference; lastKnownFileType = file; path = "Play-Bold.ttf"; sourceTree = "<group>"; };
		7AA1D1C92A9E7A57004DA0E5 /* Play-Regular.ttf */ = {isa = PBXFileReference; lastKnownFileType = file; path = "Play-Regular.ttf"; sourceTree = "<group>"; };
		7AA1D1CB2A9F8422004DA0E5 /* RegisterViewController.swift */ = {isa = PBXFileReference; lastKnownFileType = sourcecode.swift; path = RegisterViewController.swift; sourceTree = "<group>"; };
		7AA1D1CD2A9F86A6004DA0E5 /* GoogleService-Info.plist */ = {isa = PBXFileReference; fileEncoding = 4; lastKnownFileType = text.plist.xml; path = "GoogleService-Info.plist"; sourceTree = "<group>"; };
		7AA1D1E42A9F8A5B004DA0E5 /* MainViewController.swift */ = {isa = PBXFileReference; lastKnownFileType = sourcecode.swift; path = MainViewController.swift; sourceTree = "<group>"; };
/* End PBXFileReference section */

/* Begin PBXFrameworksBuildPhase section */
		7AA1D15F2A9E3C13004DA0E5 /* Frameworks */ = {
			isa = PBXFrameworksBuildPhase;
			buildActionMask = 2147483647;
			files = (
				7AA1D1E12A9F883E004DA0E5 /* FirebaseMessaging in Frameworks */,
				7AA1D1D92A9F883D004DA0E5 /* FirebaseFirestoreSwift in Frameworks */,
				7AA1D1D52A9F883D004DA0E5 /* FirebaseDatabaseSwift in Frameworks */,
				7AA1D1E32A9F883E004DA0E5 /* FirebaseStorage in Frameworks */,
				7AA1D1DD2A9F883D004DA0E5 /* FirebaseInAppMessagingSwift-Beta in Frameworks */,
				7AA1D1DF2A9F883D004DA0E5 /* FirebaseInstallations in Frameworks */,
				7AA1D1D72A9F883D004DA0E5 /* FirebaseFirestore in Frameworks */,
				7AA1D1DB2A9F883D004DA0E5 /* FirebaseFunctions in Frameworks */,
				7AA1D1D32A9F883D004DA0E5 /* FirebaseDatabase in Frameworks */,
				7AA1D1D12A9F883D004DA0E5 /* FirebaseAuth in Frameworks */,
			);
			runOnlyForDeploymentPostprocessing = 0;
		};
/* End PBXFrameworksBuildPhase section */

/* Begin PBXGroup section */
		7AA1D1592A9E3C13004DA0E5 = {
			isa = PBXGroup;
			children = (
				7AA1D1642A9E3C13004DA0E5 /* TodoList */,
				7AA1D1632A9E3C13004DA0E5 /* Products */,
			);
			sourceTree = "<group>";
		};
		7AA1D1632A9E3C13004DA0E5 /* Products */ = {
			isa = PBXGroup;
			children = (
				7AA1D1622A9E3C13004DA0E5 /* TodoList.app */,
			);
			name = Products;
			sourceTree = "<group>";
		};
		7AA1D1642A9E3C13004DA0E5 /* TodoList */ = {
			isa = PBXGroup;
			children = (
				7AA1D1652A9E3C13004DA0E5 /* AppDelegate.swift */,
				7AA1D1672A9E3C13004DA0E5 /* SceneDelegate.swift */,
				7AA1D1692A9E3C13004DA0E5 /* ViewController.swift */,
				7AA1D1CB2A9F8422004DA0E5 /* RegisterViewController.swift */,
				7AA1D1E42A9F8A5B004DA0E5 /* MainViewController.swift */,
				7AA1D16B2A9E3C13004DA0E5 /* Main.storyboard */,
				7AA1D16E2A9E3C14004DA0E5 /* Assets.xcassets */,
				7AA1D1702A9E3C14004DA0E5 /* LaunchScreen.storyboard */,
				7AA1D1732A9E3C14004DA0E5 /* Info.plist */,
				7AA1D1CD2A9F86A6004DA0E5 /* GoogleService-Info.plist */,
				7AA1D1C62A9E7A41004DA0E5 /* font */,
			);
			path = TodoList;
			sourceTree = "<group>";
		};
		7AA1D1C62A9E7A41004DA0E5 /* font */ = {
			isa = PBXGroup;
			children = (
				7AA1D1C72A9E7A4D004DA0E5 /* Play-Bold.ttf */,
				7AA1D1C92A9E7A57004DA0E5 /* Play-Regular.ttf */,
			);
			path = font;
			sourceTree = "<group>";
		};
/* End PBXGroup section */

/* Begin PBXNativeTarget section */
		7AA1D1612A9E3C13004DA0E5 /* TodoList */ = {
			isa = PBXNativeTarget;
			buildConfigurationList = 7AA1D1762A9E3C14004DA0E5 /* Build configuration list for PBXNativeTarget "TodoList" */;
			buildPhases = (
				7AA1D15E2A9E3C13004DA0E5 /* Sources */,
				7AA1D15F2A9E3C13004DA0E5 /* Frameworks */,
				7AA1D1602A9E3C13004DA0E5 /* Resources */,
			);
			buildRules = (
			);
			dependencies = (
			);
			name = TodoList;
			packageProductDependencies = (
				7AA1D1D02A9F883D004DA0E5 /* FirebaseAuth */,
				7AA1D1D22A9F883D004DA0E5 /* FirebaseDatabase */,
				7AA1D1D42A9F883D004DA0E5 /* FirebaseDatabaseSwift */,
				7AA1D1D62A9F883D004DA0E5 /* FirebaseFirestore */,
				7AA1D1D82A9F883D004DA0E5 /* FirebaseFirestoreSwift */,
				7AA1D1DA2A9F883D004DA0E5 /* FirebaseFunctions */,
				7AA1D1DC2A9F883D004DA0E5 /* FirebaseInAppMessagingSwift-Beta */,
				7AA1D1DE2A9F883D004DA0E5 /* FirebaseInstallations */,
				7AA1D1E02A9F883E004DA0E5 /* FirebaseMessaging */,
				7AA1D1E22A9F883E004DA0E5 /* FirebaseStorage */,
			);
			productName = TodoList;
			productReference = 7AA1D1622A9E3C13004DA0E5 /* TodoList.app */;
			productType = "com.apple.product-type.application";
		};
/* End PBXNativeTarget section */

/* Begin PBXProject section */
		7AA1D15A2A9E3C13004DA0E5 /* Project object */ = {
			isa = PBXProject;
			attributes = {
				BuildIndependentTargetsInParallel = 1;
				LastSwiftUpdateCheck = 1430;
				LastUpgradeCheck = 1430;
				TargetAttributes = {
					7AA1D1612A9E3C13004DA0E5 = {
						CreatedOnToolsVersion = 14.3.1;
					};
				};
			};
			buildConfigurationList = 7AA1D15D2A9E3C13004DA0E5 /* Build configuration list for PBXProject "TodoList" */;
			compatibilityVersion = "Xcode 14.0";
			developmentRegion = en;
			hasScannedForEncodings = 0;
			knownRegions = (
				en,
				Base,
			);
			mainGroup = 7AA1D1592A9E3C13004DA0E5;
			packageReferences = (
				7AA1D1CF2A9F883D004DA0E5 /* XCRemoteSwiftPackageReference "firebase-ios-sdk" */,
			);
			productRefGroup = 7AA1D1632A9E3C13004DA0E5 /* Products */;
			projectDirPath = "";
			projectRoot = "";
			targets = (
				7AA1D1612A9E3C13004DA0E5 /* TodoList */,
			);
		};
/* End PBXProject section */

/* Begin PBXResourcesBuildPhase section */
		7AA1D1602A9E3C13004DA0E5 /* Resources */ = {
			isa = PBXResourcesBuildPhase;
			buildActionMask = 2147483647;
			files = (
				7AA1D1722A9E3C14004DA0E5 /* LaunchScreen.storyboard in Resources */,
				7AA1D1C82A9E7A4D004DA0E5 /* Play-Bold.ttf in Resources */,
				7AA1D16F2A9E3C14004DA0E5 /* Assets.xcassets in Resources */,
				7AA1D16D2A9E3C13004DA0E5 /* Main.storyboard in Resources */,
				7AA1D1CA2A9E7A57004DA0E5 /* Play-Regular.ttf in Resources */,
				7AA1D1CE2A9F86A6004DA0E5 /* GoogleService-Info.plist in Resources */,
			);
			runOnlyForDeploymentPostprocessing = 0;
		};
/* End PBXResourcesBuildPhase section */

/* Begin PBXSourcesBuildPhase section */
		7AA1D15E2A9E3C13004DA0E5 /* Sources */ = {
			isa = PBXSourcesBuildPhase;
			buildActionMask = 2147483647;
			files = (
				7AA1D16A2A9E3C13004DA0E5 /* ViewController.swift in Sources */,
				7AA1D1662A9E3C13004DA0E5 /* AppDelegate.swift in Sources */,
				7AA1D1682A9E3C13004DA0E5 /* SceneDelegate.swift in Sources */,
				7AA1D1CC2A9F8422004DA0E5 /* RegisterViewController.swift in Sources */,
				7AA1D1E52A9F8A5B004DA0E5 /* MainViewController.swift in Sources */,
			);
			runOnlyForDeploymentPostprocessing = 0;
		};
/* End PBXSourcesBuildPhase section */

/* Begin PBXVariantGroup section */
		7AA1D16B2A9E3C13004DA0E5 /* Main.storyboard */ = {
			isa = PBXVariantGroup;
			children = (
				7AA1D16C2A9E3C13004DA0E5 /* Base */,
			);
			name = Main.storyboard;
			sourceTree = "<group>";
		};
		7AA1D1702A9E3C14004DA0E5 /* LaunchScreen.storyboard */ = {
			isa = PBXVariantGroup;
			children = (
				7AA1D1712A9E3C14004DA0E5 /* Base */,
			);
			name = LaunchScreen.storyboard;
			sourceTree = "<group>";
		};
/* End PBXVariantGroup section */

/* Begin XCBuildConfiguration section */
		7AA1D1742A9E3C14004DA0E5 /* Debug */ = {
			isa = XCBuildConfiguration;
			buildSettings = {
				ALWAYS_SEARCH_USER_PATHS = NO;
				CLANG_ANALYZER_NONNULL = YES;
				CLANG_ANALYZER_NUMBER_OBJECT_CONVERSION = YES_AGGRESSIVE;
				CLANG_CXX_LANGUAGE_STANDARD = "gnu++20";
				CLANG_ENABLE_MODULES = YES;
				CLANG_ENABLE_OBJC_ARC = YES;
				CLANG_ENABLE_OBJC_WEAK = YES;
				CLANG_WARN_BLOCK_CAPTURE_AUTORELEASING = YES;
				CLANG_WARN_BOOL_CONVERSION = YES;
				CLANG_WARN_COMMA = YES;
				CLANG_WARN_CONSTANT_CONVERSION = YES;
				CLANG_WARN_DEPRECATED_OBJC_IMPLEMENTATIONS = YES;
				CLANG_WARN_DIRECT_OBJC_ISA_USAGE = YES_ERROR;
				CLANG_WARN_DOCUMENTATION_COMMENTS = YES;
				CLANG_WARN_EMPTY_BODY = YES;
				CLANG_WARN_ENUM_CONVERSION = YES;
				CLANG_WARN_INFINITE_RECURSION = YES;
				CLANG_WARN_INT_CONVERSION = YES;
				CLANG_WARN_NON_LITERAL_NULL_CONVERSION = YES;
				CLANG_WARN_OBJC_IMPLICIT_RETAIN_SELF = YES;
				CLANG_WARN_OBJC_LITERAL_CONVERSION = YES;
				CLANG_WARN_OBJC_ROOT_CLASS = YES_ERROR;
				CLANG_WARN_QUOTED_INCLUDE_IN_FRAMEWORK_HEADER = YES;
				CLANG_WARN_RANGE_LOOP_ANALYSIS = YES;
				CLANG_WARN_STRICT_PROTOTYPES = YES;
				CLANG_WARN_SUSPICIOUS_MOVE = YES;
				CLANG_WARN_UNGUARDED_AVAILABILITY = YES_AGGRESSIVE;
				CLANG_WARN_UNREACHABLE_CODE = YES;
				CLANG_WARN__DUPLICATE_METHOD_MATCH = YES;
				COPY_PHASE_STRIP = NO;
				DEBUG_INFORMATION_FORMAT = dwarf;
				ENABLE_STRICT_OBJC_MSGSEND = YES;
				ENABLE_TESTABILITY = YES;
				GCC_C_LANGUAGE_STANDARD = gnu11;
				GCC_DYNAMIC_NO_PIC = NO;
				GCC_NO_COMMON_BLOCKS = YES;
				GCC_OPTIMIZATION_LEVEL = 0;
				GCC_PREPROCESSOR_DEFINITIONS = (
					"DEBUG=1",
					"$(inherited)",
				);
				GCC_WARN_64_TO_32_BIT_CONVERSION = YES;
				GCC_WARN_ABOUT_RETURN_TYPE = YES_ERROR;
				GCC_WARN_UNDECLARED_SELECTOR = YES;
				GCC_WARN_UNINITIALIZED_AUTOS = YES_AGGRESSIVE;
				GCC_WARN_UNUSED_FUNCTION = YES;
				GCC_WARN_UNUSED_VARIABLE = YES;
				IPHONEOS_DEPLOYMENT_TARGET = 16.4;
				MTL_ENABLE_DEBUG_INFO = INCLUDE_SOURCE;
				MTL_FAST_MATH = YES;
				ONLY_ACTIVE_ARCH = YES;
				SDKROOT = iphoneos;
				SWIFT_ACTIVE_COMPILATION_CONDITIONS = DEBUG;
				SWIFT_OPTIMIZATION_LEVEL = "-Onone";
			};
			name = Debug;
		};
		7AA1D1752A9E3C14004DA0E5 /* Release */ = {
			isa = XCBuildConfiguration;
			buildSettings = {
				ALWAYS_SEARCH_USER_PATHS = NO;
				CLANG_ANALYZER_NONNULL = YES;
				CLANG_ANALYZER_NUMBER_OBJECT_CONVERSION = YES_AGGRESSIVE;
				CLANG_CXX_LANGUAGE_STANDARD = "gnu++20";
				CLANG_ENABLE_MODULES = YES;
				CLANG_ENABLE_OBJC_ARC = YES;
				CLANG_ENABLE_OBJC_WEAK = YES;
				CLANG_WARN_BLOCK_CAPTURE_AUTORELEASING = YES;
				CLANG_WARN_BOOL_CONVERSION = YES;
				CLANG_WARN_COMMA = YES;
				CLANG_WARN_CONSTANT_CONVERSION = YES;
				CLANG_WARN_DEPRECATED_OBJC_IMPLEMENTATIONS = YES;
				CLANG_WARN_DIRECT_OBJC_ISA_USAGE = YES_ERROR;
				CLANG_WARN_DOCUMENTATION_COMMENTS = YES;
				CLANG_WARN_EMPTY_BODY = YES;
				CLANG_WARN_ENUM_CONVERSION = YES;
				CLANG_WARN_INFINITE_RECURSION = YES;
				CLANG_WARN_INT_CONVERSION = YES;
				CLANG_WARN_NON_LITERAL_NULL_CONVERSION = YES;
				CLANG_WARN_OBJC_IMPLICIT_RETAIN_SELF = YES;
				CLANG_WARN_OBJC_LITERAL_CONVERSION = YES;
				CLANG_WARN_OBJC_ROOT_CLASS = YES_ERROR;
				CLANG_WARN_QUOTED_INCLUDE_IN_FRAMEWORK_HEADER = YES;
				CLANG_WARN_RANGE_LOOP_ANALYSIS = YES;
				CLANG_WARN_STRICT_PROTOTYPES = YES;
				CLANG_WARN_SUSPICIOUS_MOVE = YES;
				CLANG_WARN_UNGUARDED_AVAILABILITY = YES_AGGRESSIVE;
				CLANG_WARN_UNREACHABLE_CODE = YES;
				CLANG_WARN__DUPLICATE_METHOD_MATCH = YES;
				COPY_PHASE_STRIP = NO;
				DEBUG_INFORMATION_FORMAT = "dwarf-with-dsym";
				ENABLE_NS_ASSERTIONS = NO;
				ENABLE_STRICT_OBJC_MSGSEND = YES;
				GCC_C_LANGUAGE_STANDARD = gnu11;
				GCC_NO_COMMON_BLOCKS = YES;
				GCC_WARN_64_TO_32_BIT_CONVERSION = YES;
				GCC_WARN_ABOUT_RETURN_TYPE = YES_ERROR;
				GCC_WARN_UNDECLARED_SELECTOR = YES;
				GCC_WARN_UNINITIALIZED_AUTOS = YES_AGGRESSIVE;
				GCC_WARN_UNUSED_FUNCTION = YES;
				GCC_WARN_UNUSED_VARIABLE = YES;
				IPHONEOS_DEPLOYMENT_TARGET = 16.4;
				MTL_ENABLE_DEBUG_INFO = NO;
				MTL_FAST_MATH = YES;
				SDKROOT = iphoneos;
				SWIFT_COMPILATION_MODE = wholemodule;
				SWIFT_OPTIMIZATION_LEVEL = "-O";
				VALIDATE_PRODUCT = YES;
			};
			name = Release;
		};
		7AA1D1772A9E3C14004DA0E5 /* Debug */ = {
			isa = XCBuildConfiguration;
			buildSettings = {
				ASSETCATALOG_COMPILER_APPICON_NAME = AppIcon;
				ASSETCATALOG_COMPILER_GLOBAL_ACCENT_COLOR_NAME = AccentColor;
				CODE_SIGN_STYLE = Automatic;
				CURRENT_PROJECT_VERSION = 1;
				GENERATE_INFOPLIST_FILE = YES;
				INFOPLIST_FILE = TodoList/Info.plist;
				INFOPLIST_KEY_UIApplicationSupportsIndirectInputEvents = YES;
				INFOPLIST_KEY_UILaunchStoryboardName = LaunchScreen;
				INFOPLIST_KEY_UIMainStoryboardFile = Main;
				INFOPLIST_KEY_UISupportedInterfaceOrientations = "UIInterfaceOrientationPortrait UIInterfaceOrientationPortraitUpsideDown";
				LD_RUNPATH_SEARCH_PATHS = (
					"$(inherited)",
					"@executable_path/Frameworks",
				);
				MARKETING_VERSION = 1.0;
				PRODUCT_BUNDLE_IDENTIFIER = com.ercelserhat.TodoList;
				PRODUCT_NAME = "$(TARGET_NAME)";
				SWIFT_EMIT_LOC_STRINGS = YES;
				SWIFT_VERSION = 5.0;
				TARGETED_DEVICE_FAMILY = "1,2";
			};
			name = Debug;
		};
		7AA1D1782A9E3C14004DA0E5 /* Release */ = {
			isa = XCBuildConfiguration;
			buildSettings = {
				ASSETCATALOG_COMPILER_APPICON_NAME = AppIcon;
				ASSETCATALOG_COMPILER_GLOBAL_ACCENT_COLOR_NAME = AccentColor;
				CODE_SIGN_STYLE = Automatic;
				CURRENT_PROJECT_VERSION = 1;
				GENERATE_INFOPLIST_FILE = YES;
				INFOPLIST_FILE = TodoList/Info.plist;
				INFOPLIST_KEY_UIApplicationSupportsIndirectInputEvents = YES;
				INFOPLIST_KEY_UILaunchStoryboardName = LaunchScreen;
				INFOPLIST_KEY_UIMainStoryboardFile = Main;
				INFOPLIST_KEY_UISupportedInterfaceOrientations = "UIInterfaceOrientationPortrait UIInterfaceOrientationPortraitUpsideDown";
				LD_RUNPATH_SEARCH_PATHS = (
					"$(inherited)",
					"@executable_path/Frameworks",
				);
				MARKETING_VERSION = 1.0;
				PRODUCT_BUNDLE_IDENTIFIER = com.ercelserhat.TodoList;
				PRODUCT_NAME = "$(TARGET_NAME)";
				SWIFT_EMIT_LOC_STRINGS = YES;
				SWIFT_VERSION = 5.0;
				TARGETED_DEVICE_FAMILY = "1,2";
			};
			name = Release;
		};
/* End XCBuildConfiguration section */

/* Begin XCConfigurationList section */
		7AA1D15D2A9E3C13004DA0E5 /* Build configuration list for PBXProject "TodoList" */ = {
			isa = XCConfigurationList;
			buildConfigurations = (
				7AA1D1742A9E3C14004DA0E5 /* Debug */,
				7AA1D1752A9E3C14004DA0E5 /* Release */,
			);
			defaultConfigurationIsVisible = 0;
			defaultConfigurationName = Release;
		};
		7AA1D1762A9E3C14004DA0E5 /* Build configuration list for PBXNativeTarget "TodoList" */ = {
			isa = XCConfigurationList;
			buildConfigurations = (
				7AA1D1772A9E3C14004DA0E5 /* Debug */,
				7AA1D1782A9E3C14004DA0E5 /* Release */,
			);
			defaultConfigurationIsVisible = 0;
			defaultConfigurationName = Release;
		};
/* End XCConfigurationList section */

/* Begin XCRemoteSwiftPackageReference section */
		7AA1D1CF2A9F883D004DA0E5 /* XCRemoteSwiftPackageReference "firebase-ios-sdk" */ = {
			isa = XCRemoteSwiftPackageReference;
			repositoryURL = "https://github.com/firebase/firebase-ios-sdk.git";
			requirement = {
				kind = upToNextMajorVersion;
				minimumVersion = 10.0.0;
			};
		};
/* End XCRemoteSwiftPackageReference section */

/* Begin XCSwiftPackageProductDependency section */
		7AA1D1D02A9F883D004DA0E5 /* FirebaseAuth */ = {
			isa = XCSwiftPackageProductDependency;
			package = 7AA1D1CF2A9F883D004DA0E5 /* XCRemoteSwiftPackageReference "firebase-ios-sdk" */;
			productName = FirebaseAuth;
		};
		7AA1D1D22A9F883D004DA0E5 /* FirebaseDatabase */ = {
			isa = XCSwiftPackageProductDependency;
			package = 7AA1D1CF2A9F883D004DA0E5 /* XCRemoteSwiftPackageReference "firebase-ios-sdk" */;
			productName = FirebaseDatabase;
		};
		7AA1D1D42A9F883D004DA0E5 /* FirebaseDatabaseSwift */ = {
			isa = XCSwiftPackageProductDependency;
			package = 7AA1D1CF2A9F883D004DA0E5 /* XCRemoteSwiftPackageReference "firebase-ios-sdk" */;
			productName = FirebaseDatabaseSwift;
		};
		7AA1D1D62A9F883D004DA0E5 /* FirebaseFirestore */ = {
			isa = XCSwiftPackageProductDependency;
			package = 7AA1D1CF2A9F883D004DA0E5 /* XCRemoteSwiftPackageReference "firebase-ios-sdk" */;
			productName = FirebaseFirestore;
		};
		7AA1D1D82A9F883D004DA0E5 /* FirebaseFirestoreSwift */ = {
			isa = XCSwiftPackageProductDependency;
			package = 7AA1D1CF2A9F883D004DA0E5 /* XCRemoteSwiftPackageReference "firebase-ios-sdk" */;
			productName = FirebaseFirestoreSwift;
		};
		7AA1D1DA2A9F883D004DA0E5 /* FirebaseFunctions */ = {
			isa = XCSwiftPackageProductDependency;
			package = 7AA1D1CF2A9F883D004DA0E5 /* XCRemoteSwiftPackageReference "firebase-ios-sdk" */;
			productName = FirebaseFunctions;
		};
		7AA1D1DC2A9F883D004DA0E5 /* FirebaseInAppMessagingSwift-Beta */ = {
			isa = XCSwiftPackageProductDependency;
			package = 7AA1D1CF2A9F883D004DA0E5 /* XCRemoteSwiftPackageReference "firebase-ios-sdk" */;
			productName = "FirebaseInAppMessagingSwift-Beta";
		};
		7AA1D1DE2A9F883D004DA0E5 /* FirebaseInstallations */ = {
			isa = XCSwiftPackageProductDependency;
			package = 7AA1D1CF2A9F883D004DA0E5 /* XCRemoteSwiftPackageReference "firebase-ios-sdk" */;
			productName = FirebaseInstallations;
		};
		7AA1D1E02A9F883E004DA0E5 /* FirebaseMessaging */ = {
			isa = XCSwiftPackageProductDependency;
			package = 7AA1D1CF2A9F883D004DA0E5 /* XCRemoteSwiftPackageReference "firebase-ios-sdk" */;
			productName = FirebaseMessaging;
		};
		7AA1D1E22A9F883E004DA0E5 /* FirebaseStorage */ = {
			isa = XCSwiftPackageProductDependency;
			package = 7AA1D1CF2A9F883D004DA0E5 /* XCRemoteSwiftPackageReference "firebase-ios-sdk" */;
			productName = FirebaseStorage;
		};
/* End XCSwiftPackageProductDependency section */
	};
	rootObject = 7AA1D15A2A9E3C13004DA0E5 /* Project object */;
}
